<?xml version="1.0" encoding="utf-8"?>
<Project ToolsVersion="4.0" xmlns="http://schemas.microsoft.com/developer/msbuild/2003">
  <ItemGroup>
    <Filter Include="소스 파일">
      <UniqueIdentifier>{4FC737F1-C7A5-4376-A066-2A32D752A2FF}</UniqueIdentifier>
      <Extensions>cpp;c;cc;cxx;c++;cppm;ixx;def;odl;idl;hpj;bat;asm;asmx</Extensions>
    </Filter>
    <Filter Include="헤더 파일">
      <UniqueIdentifier>{93995380-89BD-4b04-88EB-625FBE52EBFB}</UniqueIdentifier>
      <Extensions>h;hh;hpp;hxx;h++;hm;inl;inc;ipp;xsd</Extensions>
    </Filter>
    <Filter Include="리소스 파일">
      <UniqueIdentifier>{67DA6AB6-F800-4c08-8B7A-83BB121AAD01}</UniqueIdentifier>
      <Extensions>rc;ico;cur;bmp;dlg;rc2;rct;bin;rgs;gif;jpg;jpeg;jpe;resx;tiff;tif;png;wav;mfcribbon-ms</Extensions>
    </Filter>
    <Filter Include="소스 파일\Tear">
      <UniqueIdentifier>{30404af0-9607-49cc-902d-60c566700edf}</UniqueIdentifier>
    </Filter>
    <Filter Include="소스 파일\Tear\Bronze">
      <UniqueIdentifier>{56c5ba41-bb33-4e3d-84ba-cb467a2e9c6b}</UniqueIdentifier>
    </Filter>
    <Filter Include="소스 파일\Tear\Bronze\Bronze I">
      <UniqueIdentifier>{864992cf-ed95-4560-bb9b-2d7a6e7d0fa3}</UniqueIdentifier>
    </Filter>
    <Filter Include="소스 파일\Tear\Bronze\Bronze V">
      <UniqueIdentifier>{ddeda78f-d51a-4ea8-bf91-e4cb336c96fa}</UniqueIdentifier>
    </Filter>
    <Filter Include="소스 파일\Tear\Bronze\Bronze IV">
      <UniqueIdentifier>{a2a0afc0-dd06-4fbc-b3f2-b59b2a21ce27}</UniqueIdentifier>
    </Filter>
    <Filter Include="소스 파일\Tear\Bronze\Bronze III">
      <UniqueIdentifier>{0b7bf2d2-cb0c-41e5-8c40-2b84d38c29c2}</UniqueIdentifier>
    </Filter>
    <Filter Include="소스 파일\Tear\Bronze\Bronze II">
      <UniqueIdentifier>{af54bf76-7881-4fb8-b131-f918b19cc3f7}</UniqueIdentifier>
    </Filter>
    <Filter Include="소스 파일\Tear\Silver">
      <UniqueIdentifier>{569aa4a7-214c-45b9-bcfe-1b43d8073f58}</UniqueIdentifier>
    </Filter>
    <Filter Include="소스 파일\Tear\Silver\Silver V">
      <UniqueIdentifier>{d4af8db8-304f-4eb9-ab8a-d78ad814c785}</UniqueIdentifier>
    </Filter>
    <Filter Include="소스 파일\Tear\Silver\Silver IV">
      <UniqueIdentifier>{7ee468b0-9f88-4f6d-9c2c-ded2fc0f2521}</UniqueIdentifier>
    </Filter>
    <Filter Include="소스 파일\Tear\Silver\Silver III">
      <UniqueIdentifier>{17d954c4-c6b1-4eef-8515-329fac187162}</UniqueIdentifier>
    </Filter>
    <Filter Include="소스 파일\Tear\Silver\Silver II">
      <UniqueIdentifier>{a64b9ae4-c517-4d6b-83a2-7f8e941e7c1c}</UniqueIdentifier>
    </Filter>
    <Filter Include="소스 파일\Tear\Silver\Silver I">
      <UniqueIdentifier>{4b8edde5-3ddd-45ce-81aa-ccd3cbe19065}</UniqueIdentifier>
    </Filter>
    <Filter Include="소스 파일\Tear\Unrated">
      <UniqueIdentifier>{30c7afd0-f287-4913-9680-f02f8607d9da}</UniqueIdentifier>
    </Filter>
  </ItemGroup>
  <ItemGroup>
    <ClCompile Include="exam_2444.cpp">
      <Filter>소스 파일\Tear\Bronze\Bronze III</Filter>
    </ClCompile>
    <ClCompile Include="exam_2442.cpp">
      <Filter>소스 파일\Tear\Bronze\Bronze III</Filter>
    </ClCompile>
    <ClCompile Include="exam_1978.cpp">
      <Filter>소스 파일\Tear\Bronze\Bronze II</Filter>
    </ClCompile>
    <ClCompile Include="exam_1152.cpp">
      <Filter>소스 파일\Tear\Bronze\Bronze II</Filter>
    </ClCompile>
    <ClCompile Include="exam_2839.cpp">
      <Filter>소스 파일\Tear\Silver\Silver IV</Filter>
    </ClCompile>
    <ClCompile Include="exam_1094.cpp">
      <Filter>소스 파일\Tear\Silver\Silver V</Filter>
    </ClCompile>
    <ClCompile Include="exam_2588.cpp">
      <Filter>소스 파일\Tear\Bronze\Bronze II</Filter>
    </ClCompile>
    <ClCompile Include="exam_2525.cpp">
      <Filter>소스 파일\Tear\Bronze\Bronze III</Filter>
    </ClCompile>
    <ClCompile Include="exam_10989.cpp">
      <Filter>소스 파일\Tear\Bronze\Bronze I</Filter>
    </ClCompile>
    <ClCompile Include="exam_2562.cpp">
      <Filter>소스 파일\Tear\Bronze\Bronze III</Filter>
    </ClCompile>
    <ClCompile Include="exam_1546.cpp">
      <Filter>소스 파일\Tear\Bronze\Bronze I</Filter>
    </ClCompile>
    <ClCompile Include="exam_8958.cpp">
      <Filter>소스 파일\Tear\Bronze\Bronze II</Filter>
    </ClCompile>
    <ClCompile Include="exam_10818.cpp">
      <Filter>소스 파일\Tear\Bronze\Bronze III</Filter>
    </ClCompile>
    <ClCompile Include="exam_15552.cpp">
      <Filter>소스 파일\Tear\Bronze\Bronze IV</Filter>
    </ClCompile>
    <ClCompile Include="exam_2438.cpp">
      <Filter>소스 파일\Tear\Bronze\Bronze V</Filter>
    </ClCompile>
    <ClCompile Include="exam_1110.cpp">
      <Filter>소스 파일\Tear\Bronze\Bronze I</Filter>
    </ClCompile>
    <ClCompile Include="exam_2439.cpp">
      <Filter>소스 파일\Tear\Bronze\Bronze IV</Filter>
    </ClCompile>
    <ClCompile Include="exam_2441.cpp">
      <Filter>소스 파일\Tear\Bronze\Bronze III</Filter>
    </ClCompile>
    <ClCompile Include="exam_2754.cpp">
      <Filter>소스 파일\Tear\Bronze\Bronze V</Filter>
    </ClCompile>
    <ClCompile Include="exam_1237.cpp">
      <Filter>소스 파일\Tear\Unrated</Filter>
    </ClCompile>
    <ClCompile Include="exam_14918.cpp">
      <Filter>소스 파일\Tear\Unrated</Filter>
    </ClCompile>
    <ClCompile Include="exam_27866.cpp">
      <Filter>소스 파일\Tear\Bronze\Bronze V</Filter>
    </ClCompile>
    <ClCompile Include="exam_10872.cpp">
      <Filter>소스 파일\Tear\Bronze\Bronze V</Filter>
    </ClCompile>
    <ClCompile Include="exam_7287.cpp">
      <Filter>소스 파일\Tear\Bronze\Bronze V</Filter>
    </ClCompile>
    <ClCompile Include="exam_1000.cpp">
      <Filter>소스 파일\Tear\Bronze\Bronze V</Filter>
    </ClCompile>
    <ClCompile Include="exam_1001.cpp">
      <Filter>소스 파일\Tear\Bronze\Bronze V</Filter>
    </ClCompile>
    <ClCompile Include="exam_2558.cpp">
      <Filter>소스 파일\Tear\Bronze\Bronze V</Filter>
    </ClCompile>
    <ClCompile Include="exam_10757.cpp">
      <Filter>소스 파일\Tear\Bronze\Bronze V</Filter>
    </ClCompile>
    <ClCompile Include="exam_2557.cpp">
      <Filter>소스 파일\Tear\Bronze\Bronze V</Filter>
    </ClCompile>
    <ClCompile Include="exam_10718.cpp">
      <Filter>소스 파일\Tear\Bronze\Bronze V</Filter>
    </ClCompile>
    <ClCompile Include="exam_10998.cpp">
      <Filter>소스 파일\Tear\Bronze\Bronze V</Filter>
    </ClCompile>
    <ClCompile Include="exam_10869.cpp">
      <Filter>소스 파일\Tear\Bronze\Bronze V</Filter>
    </ClCompile>
    <ClCompile Include="exam_9498.cpp">
      <Filter>소스 파일\Tear\Bronze\Bronze V</Filter>
    </ClCompile>
    <ClCompile Include="exam_2739.cpp">
      <Filter>소스 파일\Tear\Bronze\Bronze V</Filter>
    </ClCompile>
    <ClCompile Include="exam_1008.cpp">
      <Filter>소스 파일\Tear\Bronze\Bronze V</Filter>
    </ClCompile>
    <ClCompile Include="exam_10430.cpp">
      <Filter>소스 파일\Tear\Bronze\Bronze V</Filter>
    </ClCompile>
    <ClCompile Include="exam_1330.cpp">
      <Filter>소스 파일\Tear\Bronze\Bronze V</Filter>
    </ClCompile>
    <ClCompile Include="exam_8393.cpp">
      <Filter>소스 파일\Tear\Bronze\Bronze V</Filter>
    </ClCompile>
    <ClCompile Include="exam_10171.cpp">
      <Filter>소스 파일\Tear\Bronze\Bronze V</Filter>
    </ClCompile>
    <ClCompile Include="exam_10172.cpp">
      <Filter>소스 파일\Tear\Bronze\Bronze V</Filter>
    </ClCompile>
    <ClCompile Include="exam_2753.cpp">
      <Filter>소스 파일\Tear\Bronze\Bronze V</Filter>
    </ClCompile>
    <ClCompile Include="exam_10950.cpp">
      <Filter>소스 파일\Tear\Bronze\Bronze V</Filter>
    </ClCompile>
    <ClCompile Include="exam_2741.cpp">
      <Filter>소스 파일\Tear\Bronze\Bronze V</Filter>
    </ClCompile>
    <ClCompile Include="exam_10871.cpp">
      <Filter>소스 파일\Tear\Bronze\Bronze V</Filter>
    </ClCompile>
    <ClCompile Include="exam_10952.cpp">
      <Filter>소스 파일\Tear\Bronze\Bronze V</Filter>
    </ClCompile>
    <ClCompile Include="exam_11021.cpp">
      <Filter>소스 파일\Tear\Bronze\Bronze V</Filter>
    </ClCompile>
    <ClCompile Include="exam_14681.cpp">
      <Filter>소스 파일\Tear\Bronze\Bronze V</Filter>
    </ClCompile>
    <ClCompile Include="exam_10951.cpp">
      <Filter>소스 파일\Tear\Bronze\Bronze V</Filter>
    </ClCompile>
    <ClCompile Include="exam_11654.cpp">
      <Filter>소스 파일\Tear\Bronze\Bronze V</Filter>
    </ClCompile>
    <ClCompile Include="exam_18108.cpp">
      <Filter>소스 파일\Tear\Bronze\Bronze V</Filter>
    </ClCompile>
    <ClCompile Include="exam_10926.cpp">
      <Filter>소스 파일\Tear\Bronze\Bronze V</Filter>
    </ClCompile>
    <ClCompile Include="exam_25304.cpp">
      <Filter>소스 파일\Tear\Bronze\Bronze V</Filter>
    </ClCompile>
    <ClCompile Include="exam_10807.cpp">
      <Filter>소스 파일\Tear\Bronze\Bronze V</Filter>
    </ClCompile>
    <ClCompile Include="exam_11718.cpp">
      <Filter>소스 파일\Tear\Bronze\Bronze V</Filter>
    </ClCompile>
    <ClCompile Include="exam_11382.cpp">
      <Filter>소스 파일\Tear\Bronze\Bronze V</Filter>
    </ClCompile>
    <ClCompile Include="exam_11942.cpp">
      <Filter>소스 파일\Tear\Bronze\Bronze V</Filter>
    </ClCompile>
    <ClCompile Include="exam_1271.cpp">
      <Filter>소스 파일\Tear\Bronze\Bronze V</Filter>
    </ClCompile>
    <ClCompile Include="exam_2420.cpp">
      <Filter>소스 파일\Tear\Bronze\Bronze V</Filter>
    </ClCompile>
    <ClCompile Include="exam_2475.cpp">
      <Filter>소스 파일\Tear\Bronze\Bronze V</Filter>
    </ClCompile>
    <ClCompile Include="exam_2743.cpp">
      <Filter>소스 파일\Tear\Bronze\Bronze V</Filter>
    </ClCompile>
    <ClCompile Include="exam_5597.cpp">
      <Filter>소스 파일\Tear\Bronze\Bronze V</Filter>
    </ClCompile>
    <ClCompile Include="exam_4101.cpp">
      <Filter>소스 파일\Tear\Bronze\Bronze V</Filter>
    </ClCompile>
    <ClCompile Include="exam_10699.cpp">
      <Filter>소스 파일\Tear\Bronze\Bronze V</Filter>
    </ClCompile>
    <ClCompile Include="exam_2675.cpp">
      <Filter>소스 파일\Tear\Bronze\Bronze II</Filter>
    </ClCompile>
    <ClCompile Include="exam_2744.cpp">
      <Filter>소스 파일\Tear\Bronze\Bronze V</Filter>
    </ClCompile>
    <ClCompile Include="exam_25083.cpp">
      <Filter>소스 파일\Tear\Bronze\Bronze V</Filter>
    </ClCompile>
    <ClCompile Include="exam_2884.cpp">
      <Filter>소스 파일\Tear\Bronze\Bronze III</Filter>
    </ClCompile>
    <ClCompile Include="exam_11720.cpp">
      <Filter>소스 파일\Tear\Bronze\Bronze IV</Filter>
    </ClCompile>
    <ClCompile Include="exam_10817.cpp">
      <Filter>소스 파일\Tear\Bronze\Bronze III</Filter>
    </ClCompile>
    <ClCompile Include="exam_2742.cpp">
      <Filter>소스 파일\Tear\Bronze\Bronze IV</Filter>
    </ClCompile>
    <ClCompile Include="exam_9316.cpp">
      <Filter>소스 파일\Tear\Bronze\Bronze IV</Filter>
    </ClCompile>
  </ItemGroup>
</Project>